
Microsoft Visual Studio Solution File, Format Version 12.00
# Visual Studio 15
VisualStudioVersion = 15.0.26124.0
MinimumVisualStudioVersion = 15.0.26124.0
Project("{FAE04EC0-301F-11D3-BF4B-00C04F79EFBC}") = "ParkingLot.Tickets", "ParkingLot.Tickets\ParkingLot.Tickets.csproj", "{3EE72526-9F4A-4D26-81C4-B8145A2101CD}"
EndProject
Project("{FAE04EC0-301F-11D3-BF4B-00C04F79EFBC}") = "ParkingLot.Tickets.Tests", "ParkingLot.Tickets.Tests\ParkingLot.Tickets.Tests.csproj", "{3F3834CC-2692-4942-BCCB-3C790465C495}"
EndProject
Project("{FAE04EC0-301F-11D3-BF4B-00C04F79EFBC}") = "ParkingLot.Api", "ParkingLot.Api\ParkingLot.Api.csproj", "{9A736C6F-5680-4E88-9B9F-2AD1AE2E05A8}"
EndProject
Project("{FAE04EC0-301F-11D3-BF4B-00C04F79EFBC}") = "ParkingLot.Data", "ParkingLot.Data\ParkingLot.Data.csproj", "{71D5FD50-8DDB-4AA7-BB5D-4244FA990C08}"
EndProject
Project("{FAE04EC0-301F-11D3-BF4B-00C04F79EFBC}") = "ParkingLot.Api.Tests", "ParkingLot.Api.Tests\ParkingLot.Api.Tests.csproj", "{7476CEAC-B5B2-452E-B4CD-7F5BDE1DF2AA}"
EndProject
Global
	GlobalSection(SolutionConfigurationPlatforms) = preSolution
		Debug|Any CPU = Debug|Any CPU
		Debug|x64 = Debug|x64
		Debug|x86 = Debug|x86
		Release|Any CPU = Release|Any CPU
		Release|x64 = Release|x64
		Release|x86 = Release|x86
	EndGlobalSection
	GlobalSection(SolutionProperties) = preSolution
		HideSolutionNode = FALSE
	EndGlobalSection
	GlobalSection(ProjectConfigurationPlatforms) = postSolution
		{3EE72526-9F4A-4D26-81C4-B8145A2101CD}.Debug|Any CPU.ActiveCfg = Debug|Any CPU
		{3EE72526-9F4A-4D26-81C4-B8145A2101CD}.Debug|Any CPU.Build.0 = Debug|Any CPU
		{3EE72526-9F4A-4D26-81C4-B8145A2101CD}.Debug|x64.ActiveCfg = Debug|Any CPU
		{3EE72526-9F4A-4D26-81C4-B8145A2101CD}.Debug|x64.Build.0 = Debug|Any CPU
		{3EE72526-9F4A-4D26-81C4-B8145A2101CD}.Debug|x86.ActiveCfg = Debug|Any CPU
		{3EE72526-9F4A-4D26-81C4-B8145A2101CD}.Debug|x86.Build.0 = Debug|Any CPU
		{3EE72526-9F4A-4D26-81C4-B8145A2101CD}.Release|Any CPU.ActiveCfg = Release|Any CPU
		{3EE72526-9F4A-4D26-81C4-B8145A2101CD}.Release|Any CPU.Build.0 = Release|Any CPU
		{3EE72526-9F4A-4D26-81C4-B8145A2101CD}.Release|x64.ActiveCfg = Release|Any CPU
		{3EE72526-9F4A-4D26-81C4-B8145A2101CD}.Release|x64.Build.0 = Release|Any CPU
		{3EE72526-9F4A-4D26-81C4-B8145A2101CD}.Release|x86.ActiveCfg = Release|Any CPU
		{3EE72526-9F4A-4D26-81C4-B8145A2101CD}.Release|x86.Build.0 = Release|Any CPU
		{3F3834CC-2692-4942-BCCB-3C790465C495}.Debug|Any CPU.ActiveCfg = Debug|Any CPU
		{3F3834CC-2692-4942-BCCB-3C790465C495}.Debug|Any CPU.Build.0 = Debug|Any CPU
		{3F3834CC-2692-4942-BCCB-3C790465C495}.Debug|x64.ActiveCfg = Debug|Any CPU
		{3F3834CC-2692-4942-BCCB-3C790465C495}.Debug|x64.Build.0 = Debug|Any CPU
		{3F3834CC-2692-4942-BCCB-3C790465C495}.Debug|x86.ActiveCfg = Debug|Any CPU
		{3F3834CC-2692-4942-BCCB-3C790465C495}.Debug|x86.Build.0 = Debug|Any CPU
		{3F3834CC-2692-4942-BCCB-3C790465C495}.Release|Any CPU.ActiveCfg = Release|Any CPU
		{3F3834CC-2692-4942-BCCB-3C790465C495}.Release|Any CPU.Build.0 = Release|Any CPU
		{3F3834CC-2692-4942-BCCB-3C790465C495}.Release|x64.ActiveCfg = Release|Any CPU
		{3F3834CC-2692-4942-BCCB-3C790465C495}.Release|x64.Build.0 = Release|Any CPU
		{3F3834CC-2692-4942-BCCB-3C790465C495}.Release|x86.ActiveCfg = Release|Any CPU
		{3F3834CC-2692-4942-BCCB-3C790465C495}.Release|x86.Build.0 = Release|Any CPU
		{9A736C6F-5680-4E88-9B9F-2AD1AE2E05A8}.Debug|Any CPU.ActiveCfg = Debug|Any CPU
		{9A736C6F-5680-4E88-9B9F-2AD1AE2E05A8}.Debug|Any CPU.Build.0 = Debug|Any CPU
		{9A736C6F-5680-4E88-9B9F-2AD1AE2E05A8}.Debug|x64.ActiveCfg = Debug|Any CPU
		{9A736C6F-5680-4E88-9B9F-2AD1AE2E05A8}.Debug|x64.Build.0 = Debug|Any CPU
		{9A736C6F-5680-4E88-9B9F-2AD1AE2E05A8}.Debug|x86.ActiveCfg = Debug|Any CPU
		{9A736C6F-5680-4E88-9B9F-2AD1AE2E05A8}.Debug|x86.Build.0 = Debug|Any CPU
		{9A736C6F-5680-4E88-9B9F-2AD1AE2E05A8}.Release|Any CPU.ActiveCfg = Release|Any CPU
		{9A736C6F-5680-4E88-9B9F-2AD1AE2E05A8}.Release|Any CPU.Build.0 = Release|Any CPU
		{9A736C6F-5680-4E88-9B9F-2AD1AE2E05A8}.Release|x64.ActiveCfg = Release|Any CPU
		{9A736C6F-5680-4E88-9B9F-2AD1AE2E05A8}.Release|x64.Build.0 = Release|Any CPU
		{9A736C6F-5680-4E88-9B9F-2AD1AE2E05A8}.Release|x86.ActiveCfg = Release|Any CPU
		{9A736C6F-5680-4E88-9B9F-2AD1AE2E05A8}.Release|x86.Build.0 = Release|Any CPU
		{71D5FD50-8DDB-4AA7-BB5D-4244FA990C08}.Debug|Any CPU.ActiveCfg = Debug|Any CPU
		{71D5FD50-8DDB-4AA7-BB5D-4244FA990C08}.Debug|Any CPU.Build.0 = Debug|Any CPU
		{71D5FD50-8DDB-4AA7-BB5D-4244FA990C08}.Debug|x64.ActiveCfg = Debug|Any CPU
		{71D5FD50-8DDB-4AA7-BB5D-4244FA990C08}.Debug|x64.Build.0 = Debug|Any CPU
		{71D5FD50-8DDB-4AA7-BB5D-4244FA990C08}.Debug|x86.ActiveCfg = Debug|Any CPU
		{71D5FD50-8DDB-4AA7-BB5D-4244FA990C08}.Debug|x86.Build.0 = Debug|Any CPU
		{71D5FD50-8DDB-4AA7-BB5D-4244FA990C08}.Release|Any CPU.ActiveCfg = Release|Any CPU
		{71D5FD50-8DDB-4AA7-BB5D-4244FA990C08}.Release|Any CPU.Build.0 = Release|Any CPU
		{71D5FD50-8DDB-4AA7-BB5D-4244FA990C08}.Release|x64.ActiveCfg = Release|Any CPU
		{71D5FD50-8DDB-4AA7-BB5D-4244FA990C08}.Release|x64.Build.0 = Release|Any CPU
		{71D5FD50-8DDB-4AA7-BB5D-4244FA990C08}.Release|x86.ActiveCfg = Release|Any CPU
		{71D5FD50-8DDB-4AA7-BB5D-4244FA990C08}.Release|x86.Build.0 = Release|Any CPU
		{7476CEAC-B5B2-452E-B4CD-7F5BDE1DF2AA}.Debug|Any CPU.ActiveCfg = Debug|Any CPU
		{7476CEAC-B5B2-452E-B4CD-7F5BDE1DF2AA}.Debug|Any CPU.Build.0 = Debug|Any CPU
		{7476CEAC-B5B2-452E-B4CD-7F5BDE1DF2AA}.Debug|x64.ActiveCfg = Debug|Any CPU
		{7476CEAC-B5B2-452E-B4CD-7F5BDE1DF2AA}.Debug|x64.Build.0 = Debug|Any CPU
		{7476CEAC-B5B2-452E-B4CD-7F5BDE1DF2AA}.Debug|x86.ActiveCfg = Debug|Any CPU
		{7476CEAC-B5B2-452E-B4CD-7F5BDE1DF2AA}.Debug|x86.Build.0 = Debug|Any CPU
		{7476CEAC-B5B2-452E-B4CD-7F5BDE1DF2AA}.Release|Any CPU.ActiveCfg = Release|Any CPU
		{7476CEAC-B5B2-452E-B4CD-7F5BDE1DF2AA}.Release|Any CPU.Build.0 = Release|Any CPU
		{7476CEAC-B5B2-452E-B4CD-7F5BDE1DF2AA}.Release|x64.ActiveCfg = Release|Any CPU
		{7476CEAC-B5B2-452E-B4CD-7F5BDE1DF2AA}.Release|x64.Build.0 = Release|Any CPU
		{7476CEAC-B5B2-452E-B4CD-7F5BDE1DF2AA}.Release|x86.ActiveCfg = Release|Any CPU
		{7476CEAC-B5B2-452E-B4CD-7F5BDE1DF2AA}.Release|x86.Build.0 = Release|Any CPU
	EndGlobalSection
EndGlobal
